// !$*UTF8*$!
{
	archiveVersion = 1;
	classes = {
	};
	objectVersion = 46;
	objects = {

/* Begin PBXBuildFile section */
		C3F50DC31BC9B1C4002A18FA /* 10.08_kl.cpp in Sources */ = {isa = PBXBuildFile; fileRef = C3F50DAD1BC9B103002A18FA /* 10.08_kl.cpp */; settings = {ASSET_TAGS = (); }; };
/* End PBXBuildFile section */

/* Begin PBXCopyFilesBuildPhase section */
		C364191E1BB7109A00D74FF2 /* CopyFiles */ = {
			isa = PBXCopyFilesBuildPhase;
			buildActionMask = 2147483647;
			dstPath = /usr/share/man/man1/;
			dstSubfolderSpec = 0;
			files = (
			);
			runOnlyForDeploymentPostprocessing = 1;
		};
/* End PBXCopyFilesBuildPhase section */

/* Begin PBXFileReference section */
		C36419201BB7109A00D74FF2 /* LackoProg */ = {isa = PBXFileReference; explicitFileType = "compiled.mach-o.executable"; includeInIndex = 0; path = LackoProg; sourceTree = BUILT_PRODUCTS_DIR; };
		C36419231BB7109A00D74FF2 /* main.cpp */ = {isa = PBXFileReference; explicitFileType = sourcecode.c.objc; path = main.cpp; sourceTree = "<group>"; };
		C3F50DAD1BC9B103002A18FA /* 10.08_kl.cpp */ = {isa = PBXFileReference; lastKnownFileType = sourcecode.cpp.cpp; path = 10.08_kl.cpp; sourceTree = "<group>"; };
/* End PBXFileReference section */

/* Begin PBXFrameworksBuildPhase section */
		C364191D1BB7109A00D74FF2 /* Frameworks */ = {
			isa = PBXFrameworksBuildPhase;
			buildActionMask = 2147483647;
			files = (
			);
			runOnlyForDeploymentPostprocessing = 0;
		};
/* End PBXFrameworksBuildPhase section */

/* Begin PBXGroup section */
		C36419171BB7109A00D74FF2 = {
			isa = PBXGroup;
			children = (
				C3F50DAC1BC9B103002A18FA /* 10.08_kl */,
				C36419221BB7109A00D74FF2 /* LackoProg */,
				C36419211BB7109A00D74FF2 /* Products */,
			);
			sourceTree = "<group>";
		};
		C36419211BB7109A00D74FF2 /* Products */ = {
			isa = PBXGroup;
			children = (
				C36419201BB7109A00D74FF2 /* LackoProg */,
			);
			name = Products;
			sourceTree = "<group>";
		};
		C36419221BB7109A00D74FF2 /* LackoProg */ = {
			isa = PBXGroup;
			children = (
				C36419231BB7109A00D74FF2 /* main.cpp */,
			);
			path = LackoProg;
			sourceTree = "<group>";
		};
		C3F50DAC1BC9B103002A18FA /* 10.08_kl */ = {
			isa = PBXGroup;
			children = (
				C3F50DAD1BC9B103002A18FA /* 10.08_kl.cpp */,
			);
			name = 10.08_kl;
			path = 10.08_kl/10.08_kl;
			sourceTree = "<group>";
		};
/* End PBXGroup section */

/* Begin PBXNativeTarget section */
		C364191F1BB7109A00D74FF2 /* LackoProg */ = {
			isa = PBXNativeTarget;
			buildConfigurationList = C36419271BB7109A00D74FF2 /* Build configuration list for PBXNativeTarget "LackoProg" */;
			buildPhases = (
				C364191C1BB7109A00D74FF2 /* Sources */,
				C364191D1BB7109A00D74FF2 /* Frameworks */,
				C364191E1BB7109A00D74FF2 /* CopyFiles */,
			);
			buildRules = (
			);
			dependencies = (
			);
			name = LackoProg;
			productName = LackoProg;
			productReference = C36419201BB7109A00D74FF2 /* LackoProg */;
			productType = "com.apple.product-type.tool";
		};
/* End PBXNativeTarget section */

/* Begin PBXProject section */
		C36419181BB7109A00D74FF2 /* Project object */ = {
			isa = PBXProject;
			attributes = {
				LastUpgradeCheck = 0700;
				ORGANIZATIONNAME = okocsis;
				TargetAttributes = {
					C364191F1BB7109A00D74FF2 = {
						CreatedOnToolsVersion = 7.0;
					};
				};
			};
			buildConfigurationList = C364191B1BB7109A00D74FF2 /* Build configuration list for PBXProject "LackoProg" */;
			compatibilityVersion = "Xcode 3.2";
			developmentRegion = English;
			hasScannedForEncodings = 0;
			knownRegions = (
				en,
			);
			mainGroup = C36419171BB7109A00D74FF2;
			productRefGroup = C36419211BB7109A00D74FF2 /* Products */;
			projectDirPath = "";
			projectRoot = "";
			targets = (
				C364191F1BB7109A00D74FF2 /* LackoProg */,
			);
		};
/* End PBXProject section */

/* Begin PBXSourcesBuildPhase section */
		C364191C1BB7109A00D74FF2 /* Sources */ = {
			isa = PBXSourcesBuildPhase;
			buildActionMask = 2147483647;
			files = (
				C3F50DC31BC9B1C4002A18FA /* 10.08_kl.cpp in Sources */,
			);
			runOnlyForDeploymentPostprocessing = 0;
		};
/* End PBXSourcesBuildPhase section */

/* Begin XCBuildConfiguration section */
		C36419251BB7109A00D74FF2 /* Debug */ = {
			isa = XCBuildConfiguration;
			buildSettings = {
				ALWAYS_SEARCH_USER_PATHS = NO;
				CLANG_CXX_LANGUAGE_STANDARD = "gnu++0x";
				CLANG_CXX_LIBRARY = "libc++";
				CLANG_ENABLE_MODULES = YES;
				CLANG_ENABLE_OBJC_ARC = YES;
				CLANG_WARN_BOOL_CONVERSION = YES;
				CLANG_WARN_CONSTANT_CONVERSION = YES;
				CLANG_WARN_DIRECT_OBJC_ISA_USAGE = YES_ERROR;
				CLANG_WARN_EMPTY_BODY = YES;
				CLANG_WARN_ENUM_CONVERSION = YES;
				CLANG_WARN_INT_CONVERSION = YES;
				CLANG_WARN_OBJC_ROOT_CLASS = YES_ERROR;
				CLANG_WARN_UNREACHABLE_CODE = YES;
				CLANG_WARN__DUPLICATE_METHOD_MATCH = YES;
				COPY_PHASE_STRIP = NO;
				DEBUG_INFORMATION_FORMAT = dwarf;
				ENABLE_STRICT_OBJC_MSGSEND = YES;
				ENABLE_TESTABILITY = YES;
				GCC_C_LANGUAGE_STANDARD = gnu99;
				GCC_DYNAMIC_NO_PIC = NO;
				GCC_NO_COMMON_BLOCKS = YES;
				GCC_OPTIMIZATION_LEVEL = 0;
				GCC_PREPROCESSOR_DEFINITIONS = (
					"DEBUG=1",
					"$(inherited)",
				);
				GCC_WARN_64_TO_32_BIT_CONVERSION = YES;
				GCC_WARN_ABOUT_RETURN_TYPE = YES_ERROR;
				GCC_WARN_UNDECLARED_SELECTOR = YES;
				GCC_WARN_UNINITIALIZED_AUTOS = YES_AGGRESSIVE;
				GCC_WARN_UNUSED_FUNCTION = YES;
				GCC_WARN_UNUSED_VARIABLE = YES;
				MACOSX_DEPLOYMENT_TARGET = 10.10;
				MTL_ENABLE_DEBUG_INFO = YES;
				ONLY_ACTIVE_ARCH = YES;
				SDKROOT = macosx;
			};
			name = Debug;
		};
		C36419261BB7109A00D74FF2 /* Release */ = {
			isa = XCBuildConfiguration;
			buildSettings = {
				ALWAYS_SEARCH_USER_PATHS = NO;
				CLANG_CXX_LANGUAGE_STANDARD = "gnu++0x";
				CLANG_CXX_LIBRARY = "libc++";
				CLANG_ENABLE_MODULES = YES;
				CLANG_ENABLE_OBJC_ARC = YES;
				CLANG_WARN_BOOL_CONVERSION = YES;
				CLANG_WARN_CONSTANT_CONVERSION = YES;
				CLANG_WARN_DIRECT_OBJC_ISA_USAGE = YES_ERROR;
				CLANG_WARN_EMPTY_BODY = YES;
				CLANG_WARN_ENUM_CONVERSION = YES;
				CLANG_WARN_INT_CONVERSION = YES;
				CLANG_WARN_OBJC_ROOT_CLASS = YES_ERROR;
				CLANG_WARN_UNREACHABLE_CODE = YES;
				CLANG_WARN__DUPLICATE_METHOD_MATCH = YES;
				COPY_PHASE_STRIP = NO;
				DEBUG_INFORMATION_FORMAT = "dwarf-with-dsym";
				ENABLE_NS_ASSERTIONS = NO;
				ENABLE_STRICT_OBJC_MSGSEND = YES;
				GCC_C_LANGUAGE_STANDARD = gnu99;
				GCC_NO_COMMON_BLOCKS = YES;
				GCC_WARN_64_TO_32_BIT_CONVERSION = YES;
				GCC_WARN_ABOUT_RETURN_TYPE = YES_ERROR;
				GCC_WARN_UNDECLARED_SELECTOR = YES;
				GCC_WARN_UNINITIALIZED_AUTOS = YES_AGGRESSIVE;
				GCC_WARN_UNUSED_FUNCTION = YES;
				GCC_WARN_UNUSED_VARIABLE = YES;
				MACOSX_DEPLOYMENT_TARGET = 10.10;
				MTL_ENABLE_DEBUG_INFO = NO;
				SDKROOT = macosx;
			};
			name = Release;
		};
		C36419281BB7109A00D74FF2 /* Debug */ = {
			isa = XCBuildConfiguration;
			buildSettings = {
				PRODUCT_NAME = "$(TARGET_NAME)";
			};
			name = Debug;
		};
		C36419291BB7109A00D74FF2 /* Release */ = {
			isa = XCBuildConfiguration;
			buildSettings = {
				PRODUCT_NAME = "$(TARGET_NAME)";
			};
			name = Release;
		};
/* End XCBuildConfiguration section */

/* Begin XCConfigurationList section */
		C364191B1BB7109A00D74FF2 /* Build configuration list for PBXProject "LackoProg" */ = {
			isa = XCConfigurationList;
			buildConfigurations = (
				C36419251BB7109A00D74FF2 /* Debug */,
				C36419261BB7109A00D74FF2 /* Release */,
			);
			defaultConfigurationIsVisible = 0;
			defaultConfigurationName = Release;
		};
		C36419271BB7109A00D74FF2 /* Build configuration list for PBXNativeTarget "LackoProg" */ = {
			isa = XCConfigurationList;
			buildConfigurations = (
				C36419281BB7109A00D74FF2 /* Debug */,
				C36419291BB7109A00D74FF2 /* Release */,
			);
			defaultConfigurationIsVisible = 0;
			defaultConfigurationName = Release;
		};
/* End XCConfigurationList section */
	};
	rootObject = C36419181BB7109A00D74FF2 /* Project object */;
}
